
Microsoft Visual Studio Solution File, Format Version 12.00
Project("{FAE04EC0-301F-11D3-BF4B-00C04F79EFBC}") = "BookShopEFConsoleApp", "BookShopEFConsoleApp\BookShopEFConsoleApp.csproj", "{50568A3F-78F3-4B46-9FC7-97CC896FF42E}"
EndProject
Global
	GlobalSection(SolutionConfigurationPlatforms) = preSolution
		Debug|Any CPU = Debug|Any CPU
		Release|Any CPU = Release|Any CPU
	EndGlobalSection
	GlobalSection(ProjectConfigurationPlatforms) = postSolution
		{50568A3F-78F3-4B46-9FC7-97CC896FF42E}.Debug|Any CPU.ActiveCfg = Debug|Any CPU
		{50568A3F-78F3-4B46-9FC7-97CC896FF42E}.Debug|Any CPU.Build.0 = Debug|Any CPU
		{50568A3F-78F3-4B46-9FC7-97CC896FF42E}.Release|Any CPU.ActiveCfg = Release|Any CPU
		{50568A3F-78F3-4B46-9FC7-97CC896FF42E}.Release|Any CPU.Build.0 = Release|Any CPU
	EndGlobalSection
EndGlobal
